
Microsoft Visual Studio Solution File, Format Version 12.00
# Visual Studio Version 17
VisualStudioVersion = 17.4.33213.308
MinimumVisualStudioVersion = 10.0.40219.1
Project("{FAE04EC0-301F-11D3-BF4B-00C04F79EFBC}") = "TraversalCoreProject", "TraversalCoreProject\TraversalCoreProject.csproj", "{036CE4BD-2FF6-4F58-9F11-DA1CDB0D781E}"
EndProject
Project("{FAE04EC0-301F-11D3-BF4B-00C04F79EFBC}") = "EntityLayer", "EntityLayer\EntityLayer.csproj", "{D9CCEC03-84D8-448C-BB7A-05745E0FEFBC}"
EndProject
Project("{FAE04EC0-301F-11D3-BF4B-00C04F79EFBC}") = "DataAccessLayer", "DataAccessLayer\DataAccessLayer.csproj", "{D94C7A60-E8A4-4EF8-8344-9D2DE6D41A65}"
EndProject
Project("{FAE04EC0-301F-11D3-BF4B-00C04F79EFBC}") = "BusinessLayer", "BusinessLayer\BusinessLayer.csproj", "{D9C6250C-AC95-4853-B7F7-DC1F83F49BFA}"
EndProject
Global
	GlobalSection(SolutionConfigurationPlatforms) = preSolution
		Debug|Any CPU = Debug|Any CPU
		Release|Any CPU = Release|Any CPU
	EndGlobalSection
	GlobalSection(ProjectConfigurationPlatforms) = postSolution
		{036CE4BD-2FF6-4F58-9F11-DA1CDB0D781E}.Debug|Any CPU.ActiveCfg = Debug|Any CPU
		{036CE4BD-2FF6-4F58-9F11-DA1CDB0D781E}.Debug|Any CPU.Build.0 = Debug|Any CPU
		{036CE4BD-2FF6-4F58-9F11-DA1CDB0D781E}.Release|Any CPU.ActiveCfg = Release|Any CPU
		{036CE4BD-2FF6-4F58-9F11-DA1CDB0D781E}.Release|Any CPU.Build.0 = Release|Any CPU
		{D9CCEC03-84D8-448C-BB7A-05745E0FEFBC}.Debug|Any CPU.ActiveCfg = Debug|Any CPU
		{D9CCEC03-84D8-448C-BB7A-05745E0FEFBC}.Debug|Any CPU.Build.0 = Debug|Any CPU
		{D9CCEC03-84D8-448C-BB7A-05745E0FEFBC}.Release|Any CPU.ActiveCfg = Release|Any CPU
		{D9CCEC03-84D8-448C-BB7A-05745E0FEFBC}.Release|Any CPU.Build.0 = Release|Any CPU
		{D94C7A60-E8A4-4EF8-8344-9D2DE6D41A65}.Debug|Any CPU.ActiveCfg = Debug|Any CPU
		{D94C7A60-E8A4-4EF8-8344-9D2DE6D41A65}.Debug|Any CPU.Build.0 = Debug|Any CPU
		{D94C7A60-E8A4-4EF8-8344-9D2DE6D41A65}.Release|Any CPU.ActiveCfg = Release|Any CPU
		{D94C7A60-E8A4-4EF8-8344-9D2DE6D41A65}.Release|Any CPU.Build.0 = Release|Any CPU
		{D9C6250C-AC95-4853-B7F7-DC1F83F49BFA}.Debug|Any CPU.ActiveCfg = Debug|Any CPU
		{D9C6250C-AC95-4853-B7F7-DC1F83F49BFA}.Debug|Any CPU.Build.0 = Debug|Any CPU
		{D9C6250C-AC95-4853-B7F7-DC1F83F49BFA}.Release|Any CPU.ActiveCfg = Release|Any CPU
		{D9C6250C-AC95-4853-B7F7-DC1F83F49BFA}.Release|Any CPU.Build.0 = Release|Any CPU
	EndGlobalSection
	GlobalSection(SolutionProperties) = preSolution
		HideSolutionNode = FALSE
	EndGlobalSection
	GlobalSection(ExtensibilityGlobals) = postSolution
		SolutionGuid = {4CFE04C7-B851-421F-B7FD-0D51E750F31F}
	EndGlobalSection
EndGlobal
